// !$*UTF8*$!
{
	archiveVersion = 1;
	classes = {
	};
	objectVersion = 46;
	objects = {

/* Begin PBXBuildFile section */
		63862FDB1A0AFDEB00C24CB8 /* ImplicitOAuth2ViewController.m in Sources */ = {isa = PBXBuildFile; fileRef = 63862FD91A0AFDEB00C24CB8 /* ImplicitOAuth2ViewController.m */; };
		63862FDC1A0AFDEB00C24CB8 /* ImplicitOAuth2ViewController.xib in Resources */ = {isa = PBXBuildFile; fileRef = 63862FDA1A0AFDEB00C24CB8 /* ImplicitOAuth2ViewController.xib */; };
		63F73D2219F704A800775FD4 /* main.m in Sources */ = {isa = PBXBuildFile; fileRef = 63F73D2119F704A800775FD4 /* main.m */; };
		63F73D2519F704A800775FD4 /* AppDelegate.m in Sources */ = {isa = PBXBuildFile; fileRef = 63F73D2419F704A800775FD4 /* AppDelegate.m */; };
		63F73D2819F704A800775FD4 /* ViewController.m in Sources */ = {isa = PBXBuildFile; fileRef = 63F73D2719F704A800775FD4 /* ViewController.m */; };
		63F73D2B19F704A800775FD4 /* Main.storyboard in Resources */ = {isa = PBXBuildFile; fileRef = 63F73D2919F704A800775FD4 /* Main.storyboard */; };
		63F73D2D19F704A800775FD4 /* Images.xcassets in Resources */ = {isa = PBXBuildFile; fileRef = 63F73D2C19F704A800775FD4 /* Images.xcassets */; };
		63F73D3019F704A800775FD4 /* LaunchScreen.xib in Resources */ = {isa = PBXBuildFile; fileRef = 63F73D2E19F704A800775FD4 /* LaunchScreen.xib */; };
		63F73D3C19F704A800775FD4 /* oauth2Tests.m in Sources */ = {isa = PBXBuildFile; fileRef = 63F73D3B19F704A800775FD4 /* oauth2Tests.m */; };
		63F73D8B19F711AB00775FD4 /* ApigeeiOSSDK.framework in Frameworks */ = {isa = PBXBuildFile; fileRef = 63F73D8A19F711AB00775FD4 /* ApigeeiOSSDK.framework */; };
		63F73D8D19F7121300775FD4 /* CoreTelephony.framework in Frameworks */ = {isa = PBXBuildFile; fileRef = 63F73D8C19F7121300775FD4 /* CoreTelephony.framework */; };
		63F73D8F19F7123D00775FD4 /* QuartzCore.framework in Frameworks */ = {isa = PBXBuildFile; fileRef = 63F73D8E19F7123D00775FD4 /* QuartzCore.framework */; };
		63F73D9119F7124600775FD4 /* SystemConfiguration.framework in Frameworks */ = {isa = PBXBuildFile; fileRef = 63F73D9019F7124600775FD4 /* SystemConfiguration.framework */; };
		63F73D9319F7124D00775FD4 /* Security.framework in Frameworks */ = {isa = PBXBuildFile; fileRef = 63F73D9219F7124D00775FD4 /* Security.framework */; };
		63F73D9519F7125200775FD4 /* CoreLocation.framework in Frameworks */ = {isa = PBXBuildFile; fileRef = 63F73D9419F7125200775FD4 /* CoreLocation.framework */; };
/* End PBXBuildFile section */

/* Begin PBXContainerItemProxy section */
		63F73D3619F704A800775FD4 /* PBXContainerItemProxy */ = {
			isa = PBXContainerItemProxy;
			containerPortal = 63F73D1419F704A800775FD4 /* Project object */;
			proxyType = 1;
			remoteGlobalIDString = 63F73D1B19F704A800775FD4;
			remoteInfo = oauth2;
		};
/* End PBXContainerItemProxy section */

/* Begin PBXFileReference section */
		63862FD81A0AFDEB00C24CB8 /* ImplicitOAuth2ViewController.h */ = {isa = PBXFileReference; fileEncoding = 4; lastKnownFileType = sourcecode.c.h; path = ImplicitOAuth2ViewController.h; sourceTree = "<group>"; };
		63862FD91A0AFDEB00C24CB8 /* ImplicitOAuth2ViewController.m */ = {isa = PBXFileReference; fileEncoding = 4; lastKnownFileType = sourcecode.c.objc; path = ImplicitOAuth2ViewController.m; sourceTree = "<group>"; };
		63862FDA1A0AFDEB00C24CB8 /* ImplicitOAuth2ViewController.xib */ = {isa = PBXFileReference; fileEncoding = 4; lastKnownFileType = file.xib; path = ImplicitOAuth2ViewController.xib; sourceTree = "<group>"; };
		63F73D1C19F704A800775FD4 /* oauth2.app */ = {isa = PBXFileReference; explicitFileType = wrapper.application; includeInIndex = 0; path = oauth2.app; sourceTree = BUILT_PRODUCTS_DIR; };
		63F73D2019F704A800775FD4 /* Info.plist */ = {isa = PBXFileReference; lastKnownFileType = text.plist.xml; path = Info.plist; sourceTree = "<group>"; };
		63F73D2119F704A800775FD4 /* main.m */ = {isa = PBXFileReference; lastKnownFileType = sourcecode.c.objc; path = main.m; sourceTree = "<group>"; };
		63F73D2319F704A800775FD4 /* AppDelegate.h */ = {isa = PBXFileReference; lastKnownFileType = sourcecode.c.h; path = AppDelegate.h; sourceTree = "<group>"; };
		63F73D2419F704A800775FD4 /* AppDelegate.m */ = {isa = PBXFileReference; lastKnownFileType = sourcecode.c.objc; path = AppDelegate.m; sourceTree = "<group>"; };
		63F73D2619F704A800775FD4 /* ViewController.h */ = {isa = PBXFileReference; lastKnownFileType = sourcecode.c.h; path = ViewController.h; sourceTree = "<group>"; };
		63F73D2719F704A800775FD4 /* ViewController.m */ = {isa = PBXFileReference; lastKnownFileType = sourcecode.c.objc; path = ViewController.m; sourceTree = "<group>"; };
		63F73D2A19F704A800775FD4 /* Base */ = {isa = PBXFileReference; lastKnownFileType = file.storyboard; name = Base; path = Base.lproj/Main.storyboard; sourceTree = "<group>"; };
		63F73D2C19F704A800775FD4 /* Images.xcassets */ = {isa = PBXFileReference; lastKnownFileType = folder.assetcatalog; path = Images.xcassets; sourceTree = "<group>"; };
		63F73D2F19F704A800775FD4 /* Base */ = {isa = PBXFileReference; lastKnownFileType = file.xib; name = Base; path = Base.lproj/LaunchScreen.xib; sourceTree = "<group>"; };
		63F73D3519F704A800775FD4 /* oauth2Tests.xctest */ = {isa = PBXFileReference; explicitFileType = wrapper.cfbundle; includeInIndex = 0; path = oauth2Tests.xctest; sourceTree = BUILT_PRODUCTS_DIR; };
		63F73D3A19F704A800775FD4 /* Info.plist */ = {isa = PBXFileReference; lastKnownFileType = text.plist.xml; path = Info.plist; sourceTree = "<group>"; };
		63F73D3B19F704A800775FD4 /* oauth2Tests.m */ = {isa = PBXFileReference; lastKnownFileType = sourcecode.c.objc; path = oauth2Tests.m; sourceTree = "<group>"; };
		63F73D8A19F711AB00775FD4 /* ApigeeiOSSDK.framework */ = {isa = PBXFileReference; lastKnownFileType = wrapper.framework; name = ApigeeiOSSDK.framework; path = ../../source/build/framework/ApigeeiOSSDK.framework; sourceTree = "<group>"; };
		63F73D8C19F7121300775FD4 /* CoreTelephony.framework */ = {isa = PBXFileReference; lastKnownFileType = wrapper.framework; name = CoreTelephony.framework; path = System/Library/Frameworks/CoreTelephony.framework; sourceTree = SDKROOT; };
		63F73D8E19F7123D00775FD4 /* QuartzCore.framework */ = {isa = PBXFileReference; lastKnownFileType = wrapper.framework; name = QuartzCore.framework; path = System/Library/Frameworks/QuartzCore.framework; sourceTree = SDKROOT; };
		63F73D9019F7124600775FD4 /* SystemConfiguration.framework */ = {isa = PBXFileReference; lastKnownFileType = wrapper.framework; name = SystemConfiguration.framework; path = System/Library/Frameworks/SystemConfiguration.framework; sourceTree = SDKROOT; };
		63F73D9219F7124D00775FD4 /* Security.framework */ = {isa = PBXFileReference; lastKnownFileType = wrapper.framework; name = Security.framework; path = System/Library/Frameworks/Security.framework; sourceTree = SDKROOT; };
		63F73D9419F7125200775FD4 /* CoreLocation.framework */ = {isa = PBXFileReference; lastKnownFileType = wrapper.framework; name = CoreLocation.framework; path = System/Library/Frameworks/CoreLocation.framework; sourceTree = SDKROOT; };
/* End PBXFileReference section */

/* Begin PBXFrameworksBuildPhase section */
		63F73D1919F704A800775FD4 /* Frameworks */ = {
			isa = PBXFrameworksBuildPhase;
			buildActionMask = 2147483647;
			files = (
				63F73D9519F7125200775FD4 /* CoreLocation.framework in Frameworks */,
				63F73D9319F7124D00775FD4 /* Security.framework in Frameworks */,
				63F73D9119F7124600775FD4 /* SystemConfiguration.framework in Frameworks */,
				63F73D8F19F7123D00775FD4 /* QuartzCore.framework in Frameworks */,
				63F73D8D19F7121300775FD4 /* CoreTelephony.framework in Frameworks */,
				63F73D8B19F711AB00775FD4 /* ApigeeiOSSDK.framework in Frameworks */,
			);
			runOnlyForDeploymentPostprocessing = 0;
		};
		63F73D3219F704A800775FD4 /* Frameworks */ = {
			isa = PBXFrameworksBuildPhase;
			buildActionMask = 2147483647;
			files = (
			);
			runOnlyForDeploymentPostprocessing = 0;
		};
/* End PBXFrameworksBuildPhase section */

/* Begin PBXGroup section */
		63F73D1319F704A800775FD4 = {
			isa = PBXGroup;
			children = (
				63F73D1E19F704A800775FD4 /* oauth2 */,
				63F73D9619F7125B00775FD4 /* Frameworks */,
				63F73D3819F704A800775FD4 /* oauth2Tests */,
				63F73D1D19F704A800775FD4 /* Products */,
			);
			sourceTree = "<group>";
		};
		63F73D1D19F704A800775FD4 /* Products */ = {
			isa = PBXGroup;
			children = (
				63F73D1C19F704A800775FD4 /* oauth2.app */,
				63F73D3519F704A800775FD4 /* oauth2Tests.xctest */,
			);
			name = Products;
			sourceTree = "<group>";
		};
		63F73D1E19F704A800775FD4 /* oauth2 */ = {
			isa = PBXGroup;
			children = (
				63F73D2319F704A800775FD4 /* AppDelegate.h */,
				63F73D2419F704A800775FD4 /* AppDelegate.m */,
				63F73D2619F704A800775FD4 /* ViewController.h */,
				63F73D2719F704A800775FD4 /* ViewController.m */,
				63862FD81A0AFDEB00C24CB8 /* ImplicitOAuth2ViewController.h */,
				63862FD91A0AFDEB00C24CB8 /* ImplicitOAuth2ViewController.m */,
				63862FDA1A0AFDEB00C24CB8 /* ImplicitOAuth2ViewController.xib */,
				63F73D2919F704A800775FD4 /* Main.storyboard */,
				63F73D2E19F704A800775FD4 /* LaunchScreen.xib */,
				63F73D2C19F704A800775FD4 /* Images.xcassets */,
				63F73D1F19F704A800775FD4 /* Supporting Files */,
			);
			path = oauth2;
			sourceTree = "<group>";
		};
		63F73D1F19F704A800775FD4 /* Supporting Files */ = {
			isa = PBXGroup;
			children = (
				63F73D2019F704A800775FD4 /* Info.plist */,
				63F73D2119F704A800775FD4 /* main.m */,
			);
			name = "Supporting Files";
			sourceTree = "<group>";
		};
		63F73D3819F704A800775FD4 /* oauth2Tests */ = {
			isa = PBXGroup;
			children = (
				63F73D3B19F704A800775FD4 /* oauth2Tests.m */,
				63F73D3919F704A800775FD4 /* Supporting Files */,
			);
			path = oauth2Tests;
			sourceTree = "<group>";
		};
		63F73D3919F704A800775FD4 /* Supporting Files */ = {
			isa = PBXGroup;
			children = (
				63F73D3A19F704A800775FD4 /* Info.plist */,
			);
			name = "Supporting Files";
			sourceTree = "<group>";
		};
		63F73D9619F7125B00775FD4 /* Frameworks */ = {
			isa = PBXGroup;
			children = (
				63F73D9419F7125200775FD4 /* CoreLocation.framework */,
				63F73D9219F7124D00775FD4 /* Security.framework */,
				63F73D9019F7124600775FD4 /* SystemConfiguration.framework */,
				63F73D8E19F7123D00775FD4 /* QuartzCore.framework */,
				63F73D8C19F7121300775FD4 /* CoreTelephony.framework */,
				63F73D8A19F711AB00775FD4 /* ApigeeiOSSDK.framework */,
			);
			name = Frameworks;
			sourceTree = "<group>";
		};
/* End PBXGroup section */

/* Begin PBXNativeTarget section */
		63F73D1B19F704A800775FD4 /* oauth2 */ = {
			isa = PBXNativeTarget;
			buildConfigurationList = 63F73D3F19F704A800775FD4 /* Build configuration list for PBXNativeTarget "oauth2" */;
			buildPhases = (
				63F73D1819F704A800775FD4 /* Sources */,
				63F73D1919F704A800775FD4 /* Frameworks */,
				63F73D1A19F704A800775FD4 /* Resources */,
			);
			buildRules = (
			);
			dependencies = (
			);
			name = oauth2;
			productName = oauth2;
			productReference = 63F73D1C19F704A800775FD4 /* oauth2.app */;
			productType = "com.apple.product-type.application";
		};
		63F73D3419F704A800775FD4 /* oauth2Tests */ = {
			isa = PBXNativeTarget;
			buildConfigurationList = 63F73D4219F704A800775FD4 /* Build configuration list for PBXNativeTarget "oauth2Tests" */;
			buildPhases = (
				63F73D3119F704A800775FD4 /* Sources */,
				63F73D3219F704A800775FD4 /* Frameworks */,
				63F73D3319F704A800775FD4 /* Resources */,
			);
			buildRules = (
			);
			dependencies = (
				63F73D3719F704A800775FD4 /* PBXTargetDependency */,
			);
			name = oauth2Tests;
			productName = oauth2Tests;
			productReference = 63F73D3519F704A800775FD4 /* oauth2Tests.xctest */;
			productType = "com.apple.product-type.bundle.unit-test";
		};
/* End PBXNativeTarget section */

/* Begin PBXProject section */
		63F73D1419F704A800775FD4 /* Project object */ = {
			isa = PBXProject;
			attributes = {
				LastUpgradeCheck = 0600;
				ORGANIZATIONNAME = Apigee;
				TargetAttributes = {
					63F73D1B19F704A800775FD4 = {
						CreatedOnToolsVersion = 6.0.1;
						DevelopmentTeam = SJ9WETNHK6;
					};
					63F73D3419F704A800775FD4 = {
						CreatedOnToolsVersion = 6.0.1;
						TestTargetID = 63F73D1B19F704A800775FD4;
					};
				};
			};
			buildConfigurationList = 63F73D1719F704A800775FD4 /* Build configuration list for PBXProject "oauth2" */;
			compatibilityVersion = "Xcode 3.2";
			developmentRegion = English;
			hasScannedForEncodings = 0;
			knownRegions = (
				en,
				Base,
			);
			mainGroup = 63F73D1319F704A800775FD4;
			productRefGroup = 63F73D1D19F704A800775FD4 /* Products */;
			projectDirPath = "";
			projectRoot = "";
			targets = (
				63F73D1B19F704A800775FD4 /* oauth2 */,
				63F73D3419F704A800775FD4 /* oauth2Tests */,
			);
		};
/* End PBXProject section */

/* Begin PBXResourcesBuildPhase section */
		63F73D1A19F704A800775FD4 /* Resources */ = {
			isa = PBXResourcesBuildPhase;
			buildActionMask = 2147483647;
			files = (
				63862FDC1A0AFDEB00C24CB8 /* ImplicitOAuth2ViewController.xib in Resources */,
				63F73D2B19F704A800775FD4 /* Main.storyboard in Resources */,
				63F73D3019F704A800775FD4 /* LaunchScreen.xib in Resources */,
				63F73D2D19F704A800775FD4 /* Images.xcassets in Resources */,
			);
			runOnlyForDeploymentPostprocessing = 0;
		};
		63F73D3319F704A800775FD4 /* Resources */ = {
			isa = PBXResourcesBuildPhase;
			buildActionMask = 2147483647;
			files = (
			);
			runOnlyForDeploymentPostprocessing = 0;
		};
/* End PBXResourcesBuildPhase section */

/* Begin PBXSourcesBuildPhase section */
		63F73D1819F704A800775FD4 /* Sources */ = {
			isa = PBXSourcesBuildPhase;
			buildActionMask = 2147483647;
			files = (
				63F73D2819F704A800775FD4 /* ViewController.m in Sources */,
				63F73D2519F704A800775FD4 /* AppDelegate.m in Sources */,
				63862FDB1A0AFDEB00C24CB8 /* ImplicitOAuth2ViewController.m in Sources */,
				63F73D2219F704A800775FD4 /* main.m in Sources */,
			);
			runOnlyForDeploymentPostprocessing = 0;
		};
		63F73D3119F704A800775FD4 /* Sources */ = {
			isa = PBXSourcesBuildPhase;
			buildActionMask = 2147483647;
			files = (
				63F73D3C19F704A800775FD4 /* oauth2Tests.m in Sources */,
			);
			runOnlyForDeploymentPostprocessing = 0;
		};
/* End PBXSourcesBuildPhase section */

/* Begin PBXTargetDependency section */
		63F73D3719F704A800775FD4 /* PBXTargetDependency */ = {
			isa = PBXTargetDependency;
			target = 63F73D1B19F704A800775FD4 /* oauth2 */;
			targetProxy = 63F73D3619F704A800775FD4 /* PBXContainerItemProxy */;
		};
/* End PBXTargetDependency section */

/* Begin PBXVariantGroup section */
		63F73D2919F704A800775FD4 /* Main.storyboard */ = {
			isa = PBXVariantGroup;
			children = (
				63F73D2A19F704A800775FD4 /* Base */,
			);
			name = Main.storyboard;
			sourceTree = "<group>";
		};
		63F73D2E19F704A800775FD4 /* LaunchScreen.xib */ = {
			isa = PBXVariantGroup;
			children = (
				63F73D2F19F704A800775FD4 /* Base */,
			);
			name = LaunchScreen.xib;
			sourceTree = "<group>";
		};
/* End PBXVariantGroup section */

/* Begin XCBuildConfiguration section */
		63F73D3D19F704A800775FD4 /* Debug */ = {
			isa = XCBuildConfiguration;
			buildSettings = {
				ALWAYS_SEARCH_USER_PATHS = NO;
				CLANG_CXX_LANGUAGE_STANDARD = "gnu++0x";
				CLANG_CXX_LIBRARY = "libc++";
				CLANG_ENABLE_MODULES = YES;
				CLANG_ENABLE_OBJC_ARC = YES;
				CLANG_WARN_BOOL_CONVERSION = YES;
				CLANG_WARN_CONSTANT_CONVERSION = YES;
				CLANG_WARN_DIRECT_OBJC_ISA_USAGE = YES_ERROR;
				CLANG_WARN_EMPTY_BODY = YES;
				CLANG_WARN_ENUM_CONVERSION = YES;
				CLANG_WARN_INT_CONVERSION = YES;
				CLANG_WARN_OBJC_ROOT_CLASS = YES_ERROR;
				CLANG_WARN_UNREACHABLE_CODE = YES;
				CLANG_WARN__DUPLICATE_METHOD_MATCH = YES;
				"CODE_SIGN_IDENTITY[sdk=iphoneos*]" = "iPhone Developer";
				COPY_PHASE_STRIP = NO;
				ENABLE_STRICT_OBJC_MSGSEND = YES;
				GCC_C_LANGUAGE_STANDARD = gnu99;
				GCC_DYNAMIC_NO_PIC = NO;
				GCC_OPTIMIZATION_LEVEL = 0;
				GCC_PREPROCESSOR_DEFINITIONS = (
					"DEBUG=1",
					"$(inherited)",
				);
				GCC_SYMBOLS_PRIVATE_EXTERN = NO;
				GCC_WARN_64_TO_32_BIT_CONVERSION = YES;
				GCC_WARN_ABOUT_RETURN_TYPE = YES_ERROR;
				GCC_WARN_UNDECLARED_SELECTOR = YES;
				GCC_WARN_UNINITIALIZED_AUTOS = YES_AGGRESSIVE;
				GCC_WARN_UNUSED_FUNCTION = YES;
				GCC_WARN_UNUSED_VARIABLE = YES;
				IPHONEOS_DEPLOYMENT_TARGET = 8.0;
				MTL_ENABLE_DEBUG_INFO = YES;
				ONLY_ACTIVE_ARCH = YES;
				SDKROOT = iphoneos;
			};
			name = Debug;
		};
		63F73D3E19F704A800775FD4 /* Release */ = {
			isa = XCBuildConfiguration;
			buildSettings = {
				ALWAYS_SEARCH_USER_PATHS = NO;
				CLANG_CXX_LANGUAGE_STANDARD = "gnu++0x";
				CLANG_CXX_LIBRARY = "libc++";
				CLANG_ENABLE_MODULES = YES;
				CLANG_ENABLE_OBJC_ARC = YES;
				CLANG_WARN_BOOL_CONVERSION = YES;
				CLANG_WARN_CONSTANT_CONVERSION = YES;
				CLANG_WARN_DIRECT_OBJC_ISA_USAGE = YES_ERROR;
				CLANG_WARN_EMPTY_BODY = YES;
				CLANG_WARN_ENUM_CONVERSION = YES;
				CLANG_WARN_INT_CONVERSION = YES;
				CLANG_WARN_OBJC_ROOT_CLASS = YES_ERROR;
				CLANG_WARN_UNREACHABLE_CODE = YES;
				CLANG_WARN__DUPLICATE_METHOD_MATCH = YES;
				"CODE_SIGN_IDENTITY[sdk=iphoneos*]" = "iPhone Developer";
				COPY_PHASE_STRIP = YES;
				ENABLE_NS_ASSERTIONS = NO;
				ENABLE_STRICT_OBJC_MSGSEND = YES;
				GCC_C_LANGUAGE_STANDARD = gnu99;
				GCC_WARN_64_TO_32_BIT_CONVERSION = YES;
				GCC_WARN_ABOUT_RETURN_TYPE = YES_ERROR;
				GCC_WARN_UNDECLARED_SELECTOR = YES;
				GCC_WARN_UNINITIALIZED_AUTOS = YES_AGGRESSIVE;
				GCC_WARN_UNUSED_FUNCTION = YES;
				GCC_WARN_UNUSED_VARIABLE = YES;
				IPHONEOS_DEPLOYMENT_TARGET = 8.0;
				MTL_ENABLE_DEBUG_INFO = NO;
				SDKROOT = iphoneos;
				VALIDATE_PRODUCT = YES;
			};
			name = Release;
		};
		63F73D4019F704A800775FD4 /* Debug */ = {
			isa = XCBuildConfiguration;
			buildSettings = {
				ASSETCATALOG_COMPILER_APPICON_NAME = AppIcon;
				CODE_SIGN_IDENTITY = "iPhone Developer";
				FRAMEWORK_SEARCH_PATHS = (
					"$(inherited)",
					"$(PROJECT_DIR)",
					../../source/build/framework,
				);
				INFOPLIST_FILE = oauth2/Info.plist;
				LD_RUNPATH_SEARCH_PATHS = "$(inherited) @executable_path/Frameworks";
				OTHER_LDFLAGS = (
					"-ObjC",
					"-all_load",
				);
				PRODUCT_NAME = "$(TARGET_NAME)";
			};
			name = Debug;
		};
		63F73D4119F704A800775FD4 /* Release */ = {
			isa = XCBuildConfiguration;
			buildSettings = {
				ASSETCATALOG_COMPILER_APPICON_NAME = AppIcon;
				CODE_SIGN_IDENTITY = "iPhone Developer";
				FRAMEWORK_SEARCH_PATHS = (
					"$(inherited)",
					"$(PROJECT_DIR)",
					../../source/build/framework,
				);
				INFOPLIST_FILE = oauth2/Info.plist;
				LD_RUNPATH_SEARCH_PATHS = "$(inherited) @executable_path/Frameworks";
				OTHER_LDFLAGS = (
					"-ObjC",
					"-all_load",
				);
				PRODUCT_NAME = "$(TARGET_NAME)";
			};
			name = Release;
		};
		63F73D4319F704A800775FD4 /* Debug */ = {
			isa = XCBuildConfiguration;
			buildSettings = {
				BUNDLE_LOADER = "$(TEST_HOST)";
				FRAMEWORK_SEARCH_PATHS = (
					"$(SDKROOT)/Developer/Library/Frameworks",
					"$(inherited)",
				);
				GCC_PREPROCESSOR_DEFINITIONS = (
					"DEBUG=1",
					"$(inherited)",
				);
				INFOPLIST_FILE = oauth2Tests/Info.plist;
				LD_RUNPATH_SEARCH_PATHS = "$(inherited) @executable_path/Frameworks @loader_path/Frameworks";
				PRODUCT_NAME = "$(TARGET_NAME)";
				TEST_HOST = "$(BUILT_PRODUCTS_DIR)/oauth2.app/oauth2";
			};
			name = Debug;
		};
		63F73D4419F704A800775FD4 /* Release */ = {
			isa = XCBuildConfiguration;
			buildSettings = {
				BUNDLE_LOADER = "$(TEST_HOST)";
				FRAMEWORK_SEARCH_PATHS = (
					"$(SDKROOT)/Developer/Library/Frameworks",
					"$(inherited)",
				);
				INFOPLIST_FILE = oauth2Tests/Info.plist;
				LD_RUNPATH_SEARCH_PATHS = "$(inherited) @executable_path/Frameworks @loader_path/Frameworks";
				PRODUCT_NAME = "$(TARGET_NAME)";
				TEST_HOST = "$(BUILT_PRODUCTS_DIR)/oauth2.app/oauth2";
			};
			name = Release;
		};
/* End XCBuildConfiguration section */

/* Begin XCConfigurationList section */
		63F73D1719F704A800775FD4 /* Build configuration list for PBXProject "oauth2" */ = {
			isa = XCConfigurationList;
			buildConfigurations = (
				63F73D3D19F704A800775FD4 /* Debug */,
				63F73D3E19F704A800775FD4 /* Release */,
			);
			defaultConfigurationIsVisible = 0;
			defaultConfigurationName = Release;
		};
		63F73D3F19F704A800775FD4 /* Build configuration list for PBXNativeTarget "oauth2" */ = {
			isa = XCConfigurationList;
			buildConfigurations = (
				63F73D4019F704A800775FD4 /* Debug */,
				63F73D4119F704A800775FD4 /* Release */,
			);
			defaultConfigurationIsVisible = 0;
			defaultConfigurationName = Release;
		};
		63F73D4219F704A800775FD4 /* Build configuration list for PBXNativeTarget "oauth2Tests" */ = {
			isa = XCConfigurationList;
			buildConfigurations = (
				63F73D4319F704A800775FD4 /* Debug */,
				63F73D4419F704A800775FD4 /* Release */,
			);
			defaultConfigurationIsVisible = 0;
			defaultConfigurationName = Release;
		};
/* End XCConfigurationList section */
	};
	rootObject = 63F73D1419F704A800775FD4 /* Project object */;
}
